<?xml version="1.0" encoding="utf-8"?>
<Project ToolsVersion="4.0" xmlns="http://schemas.microsoft.com/developer/msbuild/2003">
  <ItemGroup>
    <Filter Include="Source Files">
      <UniqueIdentifier>{4FC737F1-C7A5-4376-A066-2A32D752A2FF}</UniqueIdentifier>
      <Extensions>cpp;c;cc;cxx;c++;cppm;ixx;def;odl;idl;hpj;bat;asm;asmx</Extensions>
    </Filter>
    <Filter Include="Source Files\day_source">
      <UniqueIdentifier>{cad6c1de-26fe-4536-99f5-9c0e8adf4652}</UniqueIdentifier>
    </Filter>
    <Filter Include="Source Files\timer_source">
      <UniqueIdentifier>{487a3cdc-064e-4a15-88d1-703e7de0c8e9}</UniqueIdentifier>
    </Filter>
  </ItemGroup>
  <ItemGroup>
    <ClCompile Include="source\main.cpp">
      <Filter>Source Files</Filter>
    </ClCompile>
    <ClCompile Include="source\day_01.cpp">
      <Filter>Source Files\day_source</Filter>
    </ClCompile>
    <ClCompile Include="source\timer.cpp">
      <Filter>Source Files</Filter>
    </ClCompile>
    <ClCompile Include="source\day_02.cpp">
      <Filter>Source Files\day_source</Filter>
    </ClCompile>
  </ItemGroup>
  <ItemGroup>
    <ClInclude Include="source\days.h">
      <Filter>Source Files</Filter>
    </ClInclude>
    <ClInclude Include="source\timer.h">
      <Filter>Source Files\timer_source</Filter>
    </ClInclude>
    <ClInclude Include="source\result.h">
      <Filter>Source Files</Filter>
    </ClInclude>
  </ItemGroup>
</Project>